
Microsoft Visual Studio Solution File, Format Version 12.00
# Visual Studio Version 17
VisualStudioVersion = 17.11.35303.130
MinimumVisualStudioVersion = 10.0.40219.1
Project("{D2ABAB84-BF74-430A-B69E-9DC6D40DDA17}") = "SSAS LOGISTIC", "SSAS LOGISTIC.dwproj", "{AD56DEAD-720E-4D64-BCD3-2A43E59E5F10}"
EndProject
Global
	GlobalSection(SolutionConfigurationPlatforms) = preSolution
		Development|Default = Development|Default
	EndGlobalSection
	GlobalSection(ProjectConfigurationPlatforms) = postSolution
		{AD56DEAD-720E-4D64-BCD3-2A43E59E5F10}.Development|Default.ActiveCfg = Development
		{AD56DEAD-720E-4D64-BCD3-2A43E59E5F10}.Development|Default.Build.0 = Development
		{AD56DEAD-720E-4D64-BCD3-2A43E59E5F10}.Development|Default.Deploy.0 = Development
	EndGlobalSection
	GlobalSection(SolutionProperties) = preSolution
		HideSolutionNode = FALSE
	EndGlobalSection
	GlobalSection(ExtensibilityGlobals) = postSolution
		SolutionGuid = {4CEB6B0B-E156-4E0B-86B5-F95DF6DB3D39}
	EndGlobalSection
EndGlobal
